
Microsoft Visual Studio Solution File, Format Version 11.00
# Visual Studio 2010
Project("{F184B08F-C81C-45F6-A57F-5ABD9991F28F}") = "GAAMWeb", "GAAMWeb\GAAMWeb.vbproj", "{266F9F14-AA81-41DC-8EF7-A1B4B01A728B}"
EndProject
Project("{F184B08F-C81C-45F6-A57F-5ABD9991F28F}") = "GAAMWeb_AD", "GAAMWeb_AD\GAAMWeb_AD.vbproj", "{ADCA95D6-F534-41C4-8FF8-9A8B6D60238B}"
EndProject
Global
	GlobalSection(SolutionConfigurationPlatforms) = preSolution
		Debug|Any CPU = Debug|Any CPU
		Release|Any CPU = Release|Any CPU
	EndGlobalSection
	GlobalSection(ProjectConfigurationPlatforms) = postSolution
		{266F9F14-AA81-41DC-8EF7-A1B4B01A728B}.Debug|Any CPU.ActiveCfg = Debug|Any CPU
		{266F9F14-AA81-41DC-8EF7-A1B4B01A728B}.Debug|Any CPU.Build.0 = Debug|Any CPU
		{266F9F14-AA81-41DC-8EF7-A1B4B01A728B}.Release|Any CPU.ActiveCfg = Release|Any CPU
		{266F9F14-AA81-41DC-8EF7-A1B4B01A728B}.Release|Any CPU.Build.0 = Release|Any CPU
		{ADCA95D6-F534-41C4-8FF8-9A8B6D60238B}.Debug|Any CPU.ActiveCfg = Debug|Any CPU
		{ADCA95D6-F534-41C4-8FF8-9A8B6D60238B}.Debug|Any CPU.Build.0 = Debug|Any CPU
		{ADCA95D6-F534-41C4-8FF8-9A8B6D60238B}.Release|Any CPU.ActiveCfg = Release|Any CPU
		{ADCA95D6-F534-41C4-8FF8-9A8B6D60238B}.Release|Any CPU.Build.0 = Release|Any CPU
	EndGlobalSection
	GlobalSection(SolutionProperties) = preSolution
		HideSolutionNode = FALSE
	EndGlobalSection
EndGlobal
